
Microsoft Visual Studio Solution File, Format Version 12.00
# Visual Studio Version 17
VisualStudioVersion = 17.5.33627.172
MinimumVisualStudioVersion = 10.0.40219.1
Project("{FAE04EC0-301F-11D3-BF4B-00C04F79EFBC}") = "SignalRApi", "SignalRApi\SignalRApi.csproj", "{056988CE-B279-4F86-A59F-B22BD8C3AC13}"
EndProject
Project("{FAE04EC0-301F-11D3-BF4B-00C04F79EFBC}") = "SignalRWebUI", "SignalRWebUI\SignalRWebUI.csproj", "{9F919442-E9D3-4123-BFCA-5B0B90B22A98}"
EndProject
Project("{FAE04EC0-301F-11D3-BF4B-00C04F79EFBC}") = "SignalR.EntityLayer", "SignalR.EntityLayer\SignalR.EntityLayer.csproj", "{BDEC9EAF-4614-416B-8733-2469D15E3C7B}"
EndProject
Project("{FAE04EC0-301F-11D3-BF4B-00C04F79EFBC}") = "SignalR.DataAccessLayer", "SignalR.DataAccessLayer\SignalR.DataAccessLayer.csproj", "{92713AA2-9712-4D5F-9256-1585490993F9}"
EndProject
Project("{FAE04EC0-301F-11D3-BF4B-00C04F79EFBC}") = "SignalR.DtoLayer", "SignalR.DtoLayer\SignalR.DtoLayer.csproj", "{5496836E-5F48-48BE-9BC4-3E5AFA66E065}"
EndProject
Project("{FAE04EC0-301F-11D3-BF4B-00C04F79EFBC}") = "SignalR.BusinessLayer", "SignalR.BusinessLayer\SignalR.BusinessLayer.csproj", "{5CA1798A-4403-44D5-B2EC-8F1122F4D8E6}"
EndProject
Global
	GlobalSection(SolutionConfigurationPlatforms) = preSolution
		Debug|Any CPU = Debug|Any CPU
		Release|Any CPU = Release|Any CPU
	EndGlobalSection
	GlobalSection(ProjectConfigurationPlatforms) = postSolution
		{056988CE-B279-4F86-A59F-B22BD8C3AC13}.Debug|Any CPU.ActiveCfg = Debug|Any CPU
		{056988CE-B279-4F86-A59F-B22BD8C3AC13}.Debug|Any CPU.Build.0 = Debug|Any CPU
		{056988CE-B279-4F86-A59F-B22BD8C3AC13}.Release|Any CPU.ActiveCfg = Release|Any CPU
		{056988CE-B279-4F86-A59F-B22BD8C3AC13}.Release|Any CPU.Build.0 = Release|Any CPU
		{9F919442-E9D3-4123-BFCA-5B0B90B22A98}.Debug|Any CPU.ActiveCfg = Debug|Any CPU
		{9F919442-E9D3-4123-BFCA-5B0B90B22A98}.Debug|Any CPU.Build.0 = Debug|Any CPU
		{9F919442-E9D3-4123-BFCA-5B0B90B22A98}.Release|Any CPU.ActiveCfg = Release|Any CPU
		{9F919442-E9D3-4123-BFCA-5B0B90B22A98}.Release|Any CPU.Build.0 = Release|Any CPU
		{BDEC9EAF-4614-416B-8733-2469D15E3C7B}.Debug|Any CPU.ActiveCfg = Debug|Any CPU
		{BDEC9EAF-4614-416B-8733-2469D15E3C7B}.Debug|Any CPU.Build.0 = Debug|Any CPU
		{BDEC9EAF-4614-416B-8733-2469D15E3C7B}.Release|Any CPU.ActiveCfg = Release|Any CPU
		{BDEC9EAF-4614-416B-8733-2469D15E3C7B}.Release|Any CPU.Build.0 = Release|Any CPU
		{92713AA2-9712-4D5F-9256-1585490993F9}.Debug|Any CPU.ActiveCfg = Debug|Any CPU
		{92713AA2-9712-4D5F-9256-1585490993F9}.Debug|Any CPU.Build.0 = Debug|Any CPU
		{92713AA2-9712-4D5F-9256-1585490993F9}.Release|Any CPU.ActiveCfg = Release|Any CPU
		{92713AA2-9712-4D5F-9256-1585490993F9}.Release|Any CPU.Build.0 = Release|Any CPU
		{5496836E-5F48-48BE-9BC4-3E5AFA66E065}.Debug|Any CPU.ActiveCfg = Debug|Any CPU
		{5496836E-5F48-48BE-9BC4-3E5AFA66E065}.Debug|Any CPU.Build.0 = Debug|Any CPU
		{5496836E-5F48-48BE-9BC4-3E5AFA66E065}.Release|Any CPU.ActiveCfg = Release|Any CPU
		{5496836E-5F48-48BE-9BC4-3E5AFA66E065}.Release|Any CPU.Build.0 = Release|Any CPU
		{5CA1798A-4403-44D5-B2EC-8F1122F4D8E6}.Debug|Any CPU.ActiveCfg = Debug|Any CPU
		{5CA1798A-4403-44D5-B2EC-8F1122F4D8E6}.Debug|Any CPU.Build.0 = Debug|Any CPU
		{5CA1798A-4403-44D5-B2EC-8F1122F4D8E6}.Release|Any CPU.ActiveCfg = Release|Any CPU
		{5CA1798A-4403-44D5-B2EC-8F1122F4D8E6}.Release|Any CPU.Build.0 = Release|Any CPU
	EndGlobalSection
	GlobalSection(SolutionProperties) = preSolution
		HideSolutionNode = FALSE
	EndGlobalSection
	GlobalSection(ExtensibilityGlobals) = postSolution
		SolutionGuid = {55CC91B4-B787-4F2F-B1BB-C2C5E3FE02B8}
	EndGlobalSection
EndGlobal
